
Microsoft Visual Studio Solution File, Format Version 11.00
# Visual Studio 2010
Project("{FAE04EC0-301F-11D3-BF4B-00C04F79EFBC}") = "Adventure", "Adventure\Adventure.csproj", "{BB20DD15-818D-4682-8BD2-8FD0DBFAB715}"
EndProject
Project("{FAE04EC0-301F-11D3-BF4B-00C04F79EFBC}") = "Adventure.Tests", "Adventure.Tests\Adventure.Tests.csproj", "{B9BE99E7-3466-4265-8B82-035443327611}"
EndProject
Project("{2150E333-8FDC-42A3-9474-1A3956D46DE8}") = "Solution Items", "Solution Items", "{AE29B8D6-2C51-4656-8B62-3CB94FA2ED43}"
	ProjectSection(SolutionItems) = preProject
		Adventure.vsmdi = Adventure.vsmdi
		Local.testsettings = Local.testsettings
		TraceAndTestImpact.testsettings = TraceAndTestImpact.testsettings
	EndProjectSection
EndProject
Global
	GlobalSection(TestCaseManagementSettings) = postSolution
		CategoryFile = Adventure.vsmdi
	EndGlobalSection
	GlobalSection(SolutionConfigurationPlatforms) = preSolution
		Debug|Any CPU = Debug|Any CPU
		Debug|Mixed Platforms = Debug|Mixed Platforms
		Debug|x86 = Debug|x86
		Release|Any CPU = Release|Any CPU
		Release|Mixed Platforms = Release|Mixed Platforms
		Release|x86 = Release|x86
	EndGlobalSection
	GlobalSection(ProjectConfigurationPlatforms) = postSolution
		{BB20DD15-818D-4682-8BD2-8FD0DBFAB715}.Debug|Any CPU.ActiveCfg = Debug|x86
		{BB20DD15-818D-4682-8BD2-8FD0DBFAB715}.Debug|Mixed Platforms.ActiveCfg = Debug|x86
		{BB20DD15-818D-4682-8BD2-8FD0DBFAB715}.Debug|Mixed Platforms.Build.0 = Debug|x86
		{BB20DD15-818D-4682-8BD2-8FD0DBFAB715}.Debug|x86.ActiveCfg = Debug|x86
		{BB20DD15-818D-4682-8BD2-8FD0DBFAB715}.Debug|x86.Build.0 = Debug|x86
		{BB20DD15-818D-4682-8BD2-8FD0DBFAB715}.Release|Any CPU.ActiveCfg = Release|x86
		{BB20DD15-818D-4682-8BD2-8FD0DBFAB715}.Release|Mixed Platforms.ActiveCfg = Release|x86
		{BB20DD15-818D-4682-8BD2-8FD0DBFAB715}.Release|Mixed Platforms.Build.0 = Release|x86
		{BB20DD15-818D-4682-8BD2-8FD0DBFAB715}.Release|x86.ActiveCfg = Release|x86
		{BB20DD15-818D-4682-8BD2-8FD0DBFAB715}.Release|x86.Build.0 = Release|x86
		{B9BE99E7-3466-4265-8B82-035443327611}.Debug|Any CPU.ActiveCfg = Debug|Any CPU
		{B9BE99E7-3466-4265-8B82-035443327611}.Debug|Any CPU.Build.0 = Debug|Any CPU
		{B9BE99E7-3466-4265-8B82-035443327611}.Debug|Mixed Platforms.ActiveCfg = Debug|Any CPU
		{B9BE99E7-3466-4265-8B82-035443327611}.Debug|Mixed Platforms.Build.0 = Debug|Any CPU
		{B9BE99E7-3466-4265-8B82-035443327611}.Debug|x86.ActiveCfg = Debug|Any CPU
		{B9BE99E7-3466-4265-8B82-035443327611}.Release|Any CPU.ActiveCfg = Release|Any CPU
		{B9BE99E7-3466-4265-8B82-035443327611}.Release|Any CPU.Build.0 = Release|Any CPU
		{B9BE99E7-3466-4265-8B82-035443327611}.Release|Mixed Platforms.ActiveCfg = Release|Any CPU
		{B9BE99E7-3466-4265-8B82-035443327611}.Release|Mixed Platforms.Build.0 = Release|Any CPU
		{B9BE99E7-3466-4265-8B82-035443327611}.Release|x86.ActiveCfg = Release|Any CPU
	EndGlobalSection
	GlobalSection(SolutionProperties) = preSolution
		HideSolutionNode = FALSE
	EndGlobalSection
EndGlobal
